# This file is automatically @generated by Cargo.
# It is not intended for manual editing.
version = 4

[[package]]
name = "agentforge-adapter"
version = "0.0.1"
dependencies = [
 "agentforge-core",
 "agentforge-worktree",
]

[[package]]
name = "agentforge-cli"
version = "0.0.1"
dependencies = [
 "agentforge-core",
]

[[package]]
name = "agentforge-core"
version = "0.0.1"

[[package]]
name = "agentforge-daemon"
version = "0.0.1"
dependencies = [
 "agentforge-core",
]

[[package]]
name = "agentforge-gate"
version = "0.0.1"

[[package]]
name = "agentforge-state"
version = "0.0.1"
dependencies = [
 "agentforge-core",
]

[[package]]
name = "agentforge-worktree"
version = "0.0.1"
dependencies = [
 "agentforge-core",
]

[[package]]
name = "xtask"
version = "0.0.1"
